uuid: e597bb33-0506-4990-b3d6-e5cc92e45575
langcode: en
status: false
dependencies:
  module:
    - announcements_feed
_core:
  default_config_hash: YSHtQR8ysTJtdLQqw_OSZ7Flr1VH3oBFgeeQ9SAiwfk
label: 'Announcements Feed'
id: block.announce_block
source: block
source_local_id: announce_block
provider: announcements_feed
active_version: d2ee7918676f072c
versioned_properties:
  active:
    settings:
      default_settings:
        id: announce_block
        label: 'Announcements Feed'
        label_display: '0'
        provider: announcements_feed
    fallback_metadata:
      slot_definitions: null
