uuid: 6226dd87-85ed-4c4b-82f1-ff4d4cf855dd
langcode: en
status: true
dependencies:
  module:
    - system
_core:
  default_config_hash: z4zgmAKDZNTniCtZAWwRyE61VhdSZiqjYtacNqu80I0
label: Breadcrumbs
id: block.system_breadcrumb_block
source: block
source_local_id: system_breadcrumb_block
provider: system
active_version: ad6359c331fc7c45
versioned_properties:
  active:
    settings:
      default_settings:
        id: system_breadcrumb_block
        label: Breadcrumbs
        label_display: '0'
        provider: system
    fallback_metadata:
      slot_definitions: null
