uuid: c1242394-b298-4164-97a2-f0de29e59ee6
langcode: en
status: false
dependencies: {  }
_core:
  default_config_hash: sgtHZkp2NIYqj5aqIRW8YSHwaRY7RQTbcettLQWbcV0
label: 'Page title'
id: block.page_title_block
source: block
source_local_id: page_title_block
provider: core
active_version: 90ce139b2d3e2601
versioned_properties:
  active:
    settings:
      default_settings:
        id: page_title_block
        label: 'Page title'
        label_display: '0'
        provider: core
    fallback_metadata:
      slot_definitions: null
