langcode: en
status: true
dependencies:
  module:
    - webform
label: Webform
id: block.webform_block
source: block
source_local_id: webform_block
provider: webform
active_version: 75298500addde82f
versioned_properties:
  active:
    settings:
      default_settings:
        id: webform_block
        label: Webform
        label_display: '0'
        provider: webform
        webform_id: ''
        default_data: ''
        redirect: false
        lazy: false
    fallback_metadata:
      slot_definitions: null
